// !$*UTF8*$!
{
	archiveVersion = 1;
	classes = {
	};
	objectVersion = 46;
	objects = {

/* Begin PBXBuildFile section */
		E220A41C1D3725D9002844F5 /* main.m in Sources */ = {isa = PBXBuildFile; fileRef = E220A41B1D3725D9002844F5 /* main.m */; };
		E220A41F1D3725D9002844F5 /* AppDelegate.m in Sources */ = {isa = PBXBuildFile; fileRef = E220A41E1D3725D9002844F5 /* AppDelegate.m */; };
		E220A4221D3725D9002844F5 /* ViewController.m in Sources */ = {isa = PBXBuildFile; fileRef = E220A4211D3725D9002844F5 /* ViewController.m */; };
		E220A4251D3725D9002844F5 /* Main.storyboard in Resources */ = {isa = PBXBuildFile; fileRef = E220A4231D3725D9002844F5 /* Main.storyboard */; };
		E220A4271D3725D9002844F5 /* Assets.xcassets in Resources */ = {isa = PBXBuildFile; fileRef = E220A4261D3725D9002844F5 /* Assets.xcassets */; };
		E220A42A1D3725D9002844F5 /* LaunchScreen.storyboard in Resources */ = {isa = PBXBuildFile; fileRef = E220A4281D3725D9002844F5 /* LaunchScreen.storyboard */; };
		E2997BD21D3CC2D3008C6E42 /* BXTextField.m in Sources */ = {isa = PBXBuildFile; fileRef = E2997BCD1D3CC2D3008C6E42 /* BXTextField.m */; };
		E2997BD31D3CC2D3008C6E42 /* UITextField+BXExtension.m in Sources */ = {isa = PBXBuildFile; fileRef = E2997BCF1D3CC2D3008C6E42 /* UITextField+BXExtension.m */; };
		E2997BD41D3CC2D3008C6E42 /* UIView+BXExtension.m in Sources */ = {isa = PBXBuildFile; fileRef = E2997BD11D3CC2D3008C6E42 /* UIView+BXExtension.m */; };
/* End PBXBuildFile section */

/* Begin PBXFileReference section */
		E220A4171D3725D9002844F5 /* JYJKeyBoard.app */ = {isa = PBXFileReference; explicitFileType = wrapper.application; includeInIndex = 0; path = JYJKeyBoard.app; sourceTree = BUILT_PRODUCTS_DIR; };
		E220A41B1D3725D9002844F5 /* main.m */ = {isa = PBXFileReference; lastKnownFileType = sourcecode.c.objc; path = main.m; sourceTree = "<group>"; };
		E220A41D1D3725D9002844F5 /* AppDelegate.h */ = {isa = PBXFileReference; lastKnownFileType = sourcecode.c.h; path = AppDelegate.h; sourceTree = "<group>"; };
		E220A41E1D3725D9002844F5 /* AppDelegate.m */ = {isa = PBXFileReference; lastKnownFileType = sourcecode.c.objc; path = AppDelegate.m; sourceTree = "<group>"; };
		E220A4201D3725D9002844F5 /* ViewController.h */ = {isa = PBXFileReference; lastKnownFileType = sourcecode.c.h; path = ViewController.h; sourceTree = "<group>"; };
		E220A4211D3725D9002844F5 /* ViewController.m */ = {isa = PBXFileReference; lastKnownFileType = sourcecode.c.objc; path = ViewController.m; sourceTree = "<group>"; };
		E220A4241D3725D9002844F5 /* Base */ = {isa = PBXFileReference; lastKnownFileType = file.storyboard; name = Base; path = Base.lproj/Main.storyboard; sourceTree = "<group>"; };
		E220A4261D3725D9002844F5 /* Assets.xcassets */ = {isa = PBXFileReference; lastKnownFileType = folder.assetcatalog; path = Assets.xcassets; sourceTree = "<group>"; };
		E220A4291D3725D9002844F5 /* Base */ = {isa = PBXFileReference; lastKnownFileType = file.storyboard; name = Base; path = Base.lproj/LaunchScreen.storyboard; sourceTree = "<group>"; };
		E220A42B1D3725D9002844F5 /* Info.plist */ = {isa = PBXFileReference; lastKnownFileType = text.plist.xml; path = Info.plist; sourceTree = "<group>"; };
		E2997BCC1D3CC2D3008C6E42 /* BXTextField.h */ = {isa = PBXFileReference; fileEncoding = 4; lastKnownFileType = sourcecode.c.h; path = BXTextField.h; sourceTree = "<group>"; };
		E2997BCD1D3CC2D3008C6E42 /* BXTextField.m */ = {isa = PBXFileReference; fileEncoding = 4; lastKnownFileType = sourcecode.c.objc; path = BXTextField.m; sourceTree = "<group>"; };
		E2997BCE1D3CC2D3008C6E42 /* UITextField+BXExtension.h */ = {isa = PBXFileReference; fileEncoding = 4; lastKnownFileType = sourcecode.c.h; path = "UITextField+BXExtension.h"; sourceTree = "<group>"; };
		E2997BCF1D3CC2D3008C6E42 /* UITextField+BXExtension.m */ = {isa = PBXFileReference; fileEncoding = 4; lastKnownFileType = sourcecode.c.objc; path = "UITextField+BXExtension.m"; sourceTree = "<group>"; };
		E2997BD01D3CC2D3008C6E42 /* UIView+BXExtension.h */ = {isa = PBXFileReference; fileEncoding = 4; lastKnownFileType = sourcecode.c.h; path = "UIView+BXExtension.h"; sourceTree = "<group>"; };
		E2997BD11D3CC2D3008C6E42 /* UIView+BXExtension.m */ = {isa = PBXFileReference; fileEncoding = 4; lastKnownFileType = sourcecode.c.objc; path = "UIView+BXExtension.m"; sourceTree = "<group>"; };
/* End PBXFileReference section */

/* Begin PBXFrameworksBuildPhase section */
		E220A4141D3725D9002844F5 /* Frameworks */ = {
			isa = PBXFrameworksBuildPhase;
			buildActionMask = 2147483647;
			files = (
			);
			runOnlyForDeploymentPostprocessing = 0;
		};
/* End PBXFrameworksBuildPhase section */

/* Begin PBXGroup section */
		E220A40E1D3725D9002844F5 = {
			isa = PBXGroup;
			children = (
				E220A4191D3725D9002844F5 /* JYJKeyBoard */,
				E220A4181D3725D9002844F5 /* Products */,
			);
			sourceTree = "<group>";
		};
		E220A4181D3725D9002844F5 /* Products */ = {
			isa = PBXGroup;
			children = (
				E220A4171D3725D9002844F5 /* JYJKeyBoard.app */,
			);
			name = Products;
			sourceTree = "<group>";
		};
		E220A4191D3725D9002844F5 /* JYJKeyBoard */ = {
			isa = PBXGroup;
			children = (
				E2997BCB1D3CC2D3008C6E42 /* JYJKeyBoard */,
				E220A41D1D3725D9002844F5 /* AppDelegate.h */,
				E220A41E1D3725D9002844F5 /* AppDelegate.m */,
				E220A4201D3725D9002844F5 /* ViewController.h */,
				E220A4211D3725D9002844F5 /* ViewController.m */,
				E220A4231D3725D9002844F5 /* Main.storyboard */,
				E220A4261D3725D9002844F5 /* Assets.xcassets */,
				E220A4281D3725D9002844F5 /* LaunchScreen.storyboard */,
				E220A42B1D3725D9002844F5 /* Info.plist */,
				E220A41A1D3725D9002844F5 /* Supporting Files */,
			);
			path = JYJKeyBoard;
			sourceTree = "<group>";
		};
		E220A41A1D3725D9002844F5 /* Supporting Files */ = {
			isa = PBXGroup;
			children = (
				E220A41B1D3725D9002844F5 /* main.m */,
			);
			name = "Supporting Files";
			sourceTree = "<group>";
		};
		E2997BCB1D3CC2D3008C6E42 /* JYJKeyBoard */ = {
			isa = PBXGroup;
			children = (
				E2997BCC1D3CC2D3008C6E42 /* BXTextField.h */,
				E2997BCD1D3CC2D3008C6E42 /* BXTextField.m */,
				E2997BCE1D3CC2D3008C6E42 /* UITextField+BXExtension.h */,
				E2997BCF1D3CC2D3008C6E42 /* UITextField+BXExtension.m */,
				E2997BD01D3CC2D3008C6E42 /* UIView+BXExtension.h */,
				E2997BD11D3CC2D3008C6E42 /* UIView+BXExtension.m */,
			);
			path = JYJKeyBoard;
			sourceTree = "<group>";
		};
/* End PBXGroup section */

/* Begin PBXNativeTarget section */
		E220A4161D3725D9002844F5 /* JYJKeyBoard */ = {
			isa = PBXNativeTarget;
			buildConfigurationList = E220A42E1D3725D9002844F5 /* Build configuration list for PBXNativeTarget "JYJKeyBoard" */;
			buildPhases = (
				E220A4131D3725D9002844F5 /* Sources */,
				E220A4141D3725D9002844F5 /* Frameworks */,
				E220A4151D3725D9002844F5 /* Resources */,
			);
			buildRules = (
			);
			dependencies = (
			);
			name = JYJKeyBoard;
			productName = JYJKeyBoard;
			productReference = E220A4171D3725D9002844F5 /* JYJKeyBoard.app */;
			productType = "com.apple.product-type.application";
		};
/* End PBXNativeTarget section */

/* Begin PBXProject section */
		E220A40F1D3725D9002844F5 /* Project object */ = {
			isa = PBXProject;
			attributes = {
				LastUpgradeCheck = 0730;
				ORGANIZATIONNAME = baobeikeji;
				TargetAttributes = {
					E220A4161D3725D9002844F5 = {
						CreatedOnToolsVersion = 7.3.1;
					};
				};
			};
			buildConfigurationList = E220A4121D3725D9002844F5 /* Build configuration list for PBXProject "JYJKeyBoard" */;
			compatibilityVersion = "Xcode 3.2";
			developmentRegion = English;
			hasScannedForEncodings = 0;
			knownRegions = (
				en,
				Base,
			);
			mainGroup = E220A40E1D3725D9002844F5;
			productRefGroup = E220A4181D3725D9002844F5 /* Products */;
			projectDirPath = "";
			projectRoot = "";
			targets = (
				E220A4161D3725D9002844F5 /* JYJKeyBoard */,
			);
		};
/* End PBXProject section */

/* Begin PBXResourcesBuildPhase section */
		E220A4151D3725D9002844F5 /* Resources */ = {
			isa = PBXResourcesBuildPhase;
			buildActionMask = 2147483647;
			files = (
				E220A42A1D3725D9002844F5 /* LaunchScreen.storyboard in Resources */,
				E220A4271D3725D9002844F5 /* Assets.xcassets in Resources */,
				E220A4251D3725D9002844F5 /* Main.storyboard in Resources */,
			);
			runOnlyForDeploymentPostprocessing = 0;
		};
/* End PBXResourcesBuildPhase section */

/* Begin PBXSourcesBuildPhase section */
		E220A4131D3725D9002844F5 /* Sources */ = {
			isa = PBXSourcesBuildPhase;
			buildActionMask = 2147483647;
			files = (
				E2997BD31D3CC2D3008C6E42 /* UITextField+BXExtension.m in Sources */,
				E220A4221D3725D9002844F5 /* ViewController.m in Sources */,
				E2997BD41D3CC2D3008C6E42 /* UIView+BXExtension.m in Sources */,
				E220A41F1D3725D9002844F5 /* AppDelegate.m in Sources */,
				E220A41C1D3725D9002844F5 /* main.m in Sources */,
				E2997BD21D3CC2D3008C6E42 /* BXTextField.m in Sources */,
			);
			runOnlyForDeploymentPostprocessing = 0;
		};
/* End PBXSourcesBuildPhase section */

/* Begin PBXVariantGroup section */
		E220A4231D3725D9002844F5 /* Main.storyboard */ = {
			isa = PBXVariantGroup;
			children = (
				E220A4241D3725D9002844F5 /* Base */,
			);
			name = Main.storyboard;
			sourceTree = "<group>";
		};
		E220A4281D3725D9002844F5 /* LaunchScreen.storyboard */ = {
			isa = PBXVariantGroup;
			children = (
				E220A4291D3725D9002844F5 /* Base */,
			);
			name = LaunchScreen.storyboard;
			sourceTree = "<group>";
		};
/* End PBXVariantGroup section */

/* Begin XCBuildConfiguration section */
		E220A42C1D3725D9002844F5 /* Debug */ = {
			isa = XCBuildConfiguration;
			buildSettings = {
				ALWAYS_SEARCH_USER_PATHS = NO;
				CLANG_ANALYZER_NONNULL = YES;
				CLANG_CXX_LANGUAGE_STANDARD = "gnu++0x";
				CLANG_CXX_LIBRARY = "libc++";
				CLANG_ENABLE_MODULES = YES;
				CLANG_ENABLE_OBJC_ARC = YES;
				CLANG_WARN_BOOL_CONVERSION = YES;
				CLANG_WARN_CONSTANT_CONVERSION = YES;
				CLANG_WARN_DIRECT_OBJC_ISA_USAGE = YES_ERROR;
				CLANG_WARN_EMPTY_BODY = YES;
				CLANG_WARN_ENUM_CONVERSION = YES;
				CLANG_WARN_INT_CONVERSION = YES;
				CLANG_WARN_OBJC_ROOT_CLASS = YES_ERROR;
				CLANG_WARN_UNREACHABLE_CODE = YES;
				CLANG_WARN__DUPLICATE_METHOD_MATCH = YES;
				"CODE_SIGN_IDENTITY[sdk=iphoneos*]" = "iPhone Developer";
				COPY_PHASE_STRIP = NO;
				DEBUG_INFORMATION_FORMAT = dwarf;
				ENABLE_STRICT_OBJC_MSGSEND = YES;
				ENABLE_TESTABILITY = YES;
				GCC_C_LANGUAGE_STANDARD = gnu99;
				GCC_DYNAMIC_NO_PIC = NO;
				GCC_NO_COMMON_BLOCKS = YES;
				GCC_OPTIMIZATION_LEVEL = 0;
				GCC_PREPROCESSOR_DEFINITIONS = (
					"DEBUG=1",
					"$(inherited)",
				);
				GCC_WARN_64_TO_32_BIT_CONVERSION = YES;
				GCC_WARN_ABOUT_RETURN_TYPE = YES_ERROR;
				GCC_WARN_UNDECLARED_SELECTOR = YES;
				GCC_WARN_UNINITIALIZED_AUTOS = YES_AGGRESSIVE;
				GCC_WARN_UNUSED_FUNCTION = YES;
				GCC_WARN_UNUSED_VARIABLE = YES;
				IPHONEOS_DEPLOYMENT_TARGET = 9.3;
				MTL_ENABLE_DEBUG_INFO = YES;
				ONLY_ACTIVE_ARCH = YES;
				SDKROOT = iphoneos;
			};
			name = Debug;
		};
		E220A42D1D3725D9002844F5 /* Release */ = {
			isa = XCBuildConfiguration;
			buildSettings = {
				ALWAYS_SEARCH_USER_PATHS = NO;
				CLANG_ANALYZER_NONNULL = YES;
				CLANG_CXX_LANGUAGE_STANDARD = "gnu++0x";
				CLANG_CXX_LIBRARY = "libc++";
				CLANG_ENABLE_MODULES = YES;
				CLANG_ENABLE_OBJC_ARC = YES;
				CLANG_WARN_BOOL_CONVERSION = YES;
				CLANG_WARN_CONSTANT_CONVERSION = YES;
				CLANG_WARN_DIRECT_OBJC_ISA_USAGE = YES_ERROR;
				CLANG_WARN_EMPTY_BODY = YES;
				CLANG_WARN_ENUM_CONVERSION = YES;
				CLANG_WARN_INT_CONVERSION = YES;
				CLANG_WARN_OBJC_ROOT_CLASS = YES_ERROR;
				CLANG_WARN_UNREACHABLE_CODE = YES;
				CLANG_WARN__DUPLICATE_METHOD_MATCH = YES;
				"CODE_SIGN_IDENTITY[sdk=iphoneos*]" = "iPhone Developer";
				COPY_PHASE_STRIP = NO;
				DEBUG_INFORMATION_FORMAT = "dwarf-with-dsym";
				ENABLE_NS_ASSERTIONS = NO;
				ENABLE_STRICT_OBJC_MSGSEND = YES;
				GCC_C_LANGUAGE_STANDARD = gnu99;
				GCC_NO_COMMON_BLOCKS = YES;
				GCC_WARN_64_TO_32_BIT_CONVERSION = YES;
				GCC_WARN_ABOUT_RETURN_TYPE = YES_ERROR;
				GCC_WARN_UNDECLARED_SELECTOR = YES;
				GCC_WARN_UNINITIALIZED_AUTOS = YES_AGGRESSIVE;
				GCC_WARN_UNUSED_FUNCTION = YES;
				GCC_WARN_UNUSED_VARIABLE = YES;
				IPHONEOS_DEPLOYMENT_TARGET = 9.3;
				MTL_ENABLE_DEBUG_INFO = NO;
				SDKROOT = iphoneos;
				VALIDATE_PRODUCT = YES;
			};
			name = Release;
		};
		E220A42F1D3725D9002844F5 /* Debug */ = {
			isa = XCBuildConfiguration;
			buildSettings = {
				ASSETCATALOG_COMPILER_APPICON_NAME = AppIcon;
				INFOPLIST_FILE = JYJKeyBoard/Info.plist;
				IPHONEOS_DEPLOYMENT_TARGET = 7.0;
				LD_RUNPATH_SEARCH_PATHS = "$(inherited) @executable_path/Frameworks";
				PRODUCT_BUNDLE_IDENTIFIER = cn.baobeikeji.JYJKeyBoard;
				PRODUCT_NAME = "$(TARGET_NAME)";
			};
			name = Debug;
		};
		E220A4301D3725D9002844F5 /* Release */ = {
			isa = XCBuildConfiguration;
			buildSettings = {
				ASSETCATALOG_COMPILER_APPICON_NAME = AppIcon;
				INFOPLIST_FILE = JYJKeyBoard/Info.plist;
				IPHONEOS_DEPLOYMENT_TARGET = 7.0;
				LD_RUNPATH_SEARCH_PATHS = "$(inherited) @executable_path/Frameworks";
				PRODUCT_BUNDLE_IDENTIFIER = cn.baobeikeji.JYJKeyBoard;
				PRODUCT_NAME = "$(TARGET_NAME)";
			};
			name = Release;
		};
/* End XCBuildConfiguration section */

/* Begin XCConfigurationList section */
		E220A4121D3725D9002844F5 /* Build configuration list for PBXProject "JYJKeyBoard" */ = {
			isa = XCConfigurationList;
			buildConfigurations = (
				E220A42C1D3725D9002844F5 /* Debug */,
				E220A42D1D3725D9002844F5 /* Release */,
			);
			defaultConfigurationIsVisible = 0;
			defaultConfigurationName = Release;
		};
		E220A42E1D3725D9002844F5 /* Build configuration list for PBXNativeTarget "JYJKeyBoard" */ = {
			isa = XCConfigurationList;
			buildConfigurations = (
				E220A42F1D3725D9002844F5 /* Debug */,
				E220A4301D3725D9002844F5 /* Release */,
			);
			defaultConfigurationIsVisible = 0;
			defaultConfigurationName = Release;
		};
/* End XCConfigurationList section */
	};
	rootObject = E220A40F1D3725D9002844F5 /* Project object */;
}
